{
  "name": "@typescript-package/history",
  "version": "1.0.0",
  "lockfileVersion": 3,
  "requires": true,
  "packages": {
    "": {
      "name": "@typescript-package/history",
      "version": "1.0.0",
      "funding": [
        {
          "type": "stripe",
          "url": "https://donate.stripe.com/dR614hfDZcJE3wAcMM"
        },
        {
          "type": "individual",
          "url": "https://checkout.revolut.com/pay/048b10a3-0e10-42c8-a917-e3e9cb4c8e29"
        }
      ],
      "license": "MIT",
      "peerDependencies": {
        "@typescript-package/data": "^2.0.0"
      }
    },
    "node_modules/@typescript-package/data": {
      "version": "2.0.0",
      "resolved": "https://registry.npmjs.org/@typescript-package/data/-/data-2.0.0.tgz",
      "integrity": "sha512-pNZuI/eqJBuB+ifz/9Z1lsmtwTW0Kn/oqHCFwVCENLZCBZ17cUT0hu5LhGtQDnmRx5c+hcbcDU+41/HuWHR0vw==",
      "funding": [
        {
          "type": "stripe",
          "url": "https://donate.stripe.com/dR614hfDZcJE3wAcMM"
        },
        {
          "type": "individual",
          "url": "https://checkout.revolut.com/pay/048b10a3-0e10-42c8-a917-e3e9cb4c8e29"
        }
      ],
      "license": "MIT",
      "peer": true
    }
  }
}
